
Microsoft Visual Studio Solution File, Format Version 12.00
# Visual Studio Version 17
VisualStudioVersion = 17.9.34728.123
MinimumVisualStudioVersion = 10.0.40219.1
Project("{FAE04EC0-301F-11D3-BF4B-00C04F79EFBC}") = "Task1", "Task1\Task1.csproj", "{CC0E3D12-FA8C-4A9D-AB12-BF499A018776}"
EndProject
Project("{FAE04EC0-301F-11D3-BF4B-00C04F79EFBC}") = "Task2", "Task2\Task2.csproj", "{C7726DB5-365D-400F-9DAE-DDCCCBF38874}"
EndProject
Project("{FAE04EC0-301F-11D3-BF4B-00C04F79EFBC}") = "Task3", "Task3\Task3.csproj", "{D4779977-B58A-4A99-9C4A-385B9FC6834A}"
EndProject
Project("{FAE04EC0-301F-11D3-BF4B-00C04F79EFBC}") = "Task4", "Task4\Task4.csproj", "{088C09D5-CDD4-4C7D-BB12-E62AC38DE405}"
EndProject
Global
	GlobalSection(SolutionConfigurationPlatforms) = preSolution
		Debug|Any CPU = Debug|Any CPU
		Release|Any CPU = Release|Any CPU
	EndGlobalSection
	GlobalSection(ProjectConfigurationPlatforms) = postSolution
		{CC0E3D12-FA8C-4A9D-AB12-BF499A018776}.Debug|Any CPU.ActiveCfg = Debug|Any CPU
		{CC0E3D12-FA8C-4A9D-AB12-BF499A018776}.Debug|Any CPU.Build.0 = Debug|Any CPU
		{CC0E3D12-FA8C-4A9D-AB12-BF499A018776}.Release|Any CPU.ActiveCfg = Release|Any CPU
		{CC0E3D12-FA8C-4A9D-AB12-BF499A018776}.Release|Any CPU.Build.0 = Release|Any CPU
		{C7726DB5-365D-400F-9DAE-DDCCCBF38874}.Debug|Any CPU.ActiveCfg = Debug|Any CPU
		{C7726DB5-365D-400F-9DAE-DDCCCBF38874}.Debug|Any CPU.Build.0 = Debug|Any CPU
		{C7726DB5-365D-400F-9DAE-DDCCCBF38874}.Release|Any CPU.ActiveCfg = Release|Any CPU
		{C7726DB5-365D-400F-9DAE-DDCCCBF38874}.Release|Any CPU.Build.0 = Release|Any CPU
		{D4779977-B58A-4A99-9C4A-385B9FC6834A}.Debug|Any CPU.ActiveCfg = Debug|Any CPU
		{D4779977-B58A-4A99-9C4A-385B9FC6834A}.Debug|Any CPU.Build.0 = Debug|Any CPU
		{D4779977-B58A-4A99-9C4A-385B9FC6834A}.Release|Any CPU.ActiveCfg = Release|Any CPU
		{D4779977-B58A-4A99-9C4A-385B9FC6834A}.Release|Any CPU.Build.0 = Release|Any CPU
		{088C09D5-CDD4-4C7D-BB12-E62AC38DE405}.Debug|Any CPU.ActiveCfg = Debug|Any CPU
		{088C09D5-CDD4-4C7D-BB12-E62AC38DE405}.Debug|Any CPU.Build.0 = Debug|Any CPU
		{088C09D5-CDD4-4C7D-BB12-E62AC38DE405}.Release|Any CPU.ActiveCfg = Release|Any CPU
		{088C09D5-CDD4-4C7D-BB12-E62AC38DE405}.Release|Any CPU.Build.0 = Release|Any CPU
	EndGlobalSection
	GlobalSection(SolutionProperties) = preSolution
		HideSolutionNode = FALSE
	EndGlobalSection
	GlobalSection(ExtensibilityGlobals) = postSolution
		SolutionGuid = {962EDC13-C754-42DC-B9DF-136820BB05B7}
	EndGlobalSection
EndGlobal
